{
  "nodes": {
    "flake-utils": {
      "locked": {
        "lastModified": 1659877975,
        "narHash": "sha256-zllb8aq3YO3h8B/U0/J1WBgAL8EX5yWf5pMj3G0NAmc=",
        "owner": "numtide",
        "repo": "flake-utils",
        "rev": "c0e246b9b83f637f4681389ecabcb2681b4f3af0",
        "type": "github"
      },
      "original": {
        "owner": "numtide",
        "repo": "flake-utils",
        "type": "github"
      }
    },
    "nixpkgs": {
      "locked": {
        "lastModified": 1636377693,
        "narHash": "sha256-mxnUQZEA361xcupT9RIEcWrNer/+Ik/pbRMDmdRr8gQ=",
        "owner": "NixOS",
        "repo": "nixpkgs",
        "rev": "c11d08f02390aab49e7c22e6d0ea9b176394d961",
        "type": "github"
      },
      "original": {
        "owner": "NixOS",
        "repo": "nixpkgs",
        "rev": "c11d08f02390aab49e7c22e6d0ea9b176394d961",
        "type": "github"
      }
    },
    "root": {
      "inputs": {
        "flake-utils": "flake-utils",
        "nixpkgs": "nixpkgs",
        "rust-overlay": "rust-overlay"
      }
    },
    "rust-overlay": {
      "inputs": {
        "flake-utils": [
          "flake-utils"
        ],
        "nixpkgs": [
          "nixpkgs"
        ]
      },
      "locked": {
        "lastModified": 1662260299,
        "narHash": "sha256-FYJk/Pn+VuSyl5Q3KXwTmOD7hprlv3CZPIRMGGT61IM=",
        "owner": "oxalica",
        "repo": "rust-overlay",
        "rev": "fe73170ff8b29c4230c26b85e82c25c73c35481d",
        "type": "github"
      },
      "original": {
        "owner": "oxalica",
        "repo": "rust-overlay",
        "type": "github"
      }
    }
  },
  "root": "root",
  "version": 7
}
